
Microsoft Visual Studio Solution File, Format Version 12.00
# Visual Studio Version 16
VisualStudioVersion = 16.0.29001.49
MinimumVisualStudioVersion = 10.0.40219.1
Project("{9A19103F-16F7-4668-BE54-9A1E7A4F7556}") = "TehPers.FishingFramework", "TehPers.FishingFramework\TehPers.FishingFramework.csproj", "{1F9A0E7D-9B59-439D-8200-344D9D015DB9}"
	ProjectSection(ProjectDependencies) = postProject
		{D8DF4803-FA71-4405-AE42-DAD92792D996} = {D8DF4803-FA71-4405-AE42-DAD92792D996}
	EndProjectSection
EndProject
Project("{9A19103F-16F7-4668-BE54-9A1E7A4F7556}") = "TehPers.FishingFramework.Api", "TehPers.FishingFramework.Api\TehPers.FishingFramework.Api.csproj", "{75F9B5FE-B290-4552-A7AE-A24164D1FFF2}"
EndProject
Project("{9A19103F-16F7-4668-BE54-9A1E7A4F7556}") = "TehPers.Core.Api", "..\TehPers.Core\TehPers.Core.Api\TehPers.Core.Api.csproj", "{5FD8584C-6B7F-4670-AE52-F81BDD4B3863}"
EndProject
Project("{9A19103F-16F7-4668-BE54-9A1E7A4F7556}") = "TehPers.Core", "..\TehPers.Core\TehPers.Core\TehPers.Core.csproj", "{D8DF4803-FA71-4405-AE42-DAD92792D996}"
EndProject
Project("{D954291E-2A0B-460D-934E-DC6B0785DB48}") = "TehPers.Shared", "..\TehPers.Shared\TehPers.Shared.shproj", "{D73ADCA5-94D8-40FB-BD3A-9C1D47FB18B0}"
EndProject
Project("{FAE04EC0-301F-11D3-BF4B-00C04F79EFBC}") = "TehPers.Core.Sample", "..\TehPers.Core\TehPers.Core.Sample\TehPers.Core.Sample.csproj", "{F2384DAB-2F0F-4A69-8F91-F03359D24A54}"
EndProject
Global
	GlobalSection(SharedMSBuildProjectFiles) = preSolution
		..\TehPers.Shared\TehPers.Shared.projitems*{d73adca5-94d8-40fb-bd3a-9c1d47fb18b0}*SharedItemsImports = 13
	EndGlobalSection
	GlobalSection(SolutionConfigurationPlatforms) = preSolution
		Debug|Any CPU = Debug|Any CPU
		Debug|x86 = Debug|x86
		Release|Any CPU = Release|Any CPU
		Release|x86 = Release|x86
	EndGlobalSection
	GlobalSection(ProjectConfigurationPlatforms) = postSolution
		{1F9A0E7D-9B59-439D-8200-344D9D015DB9}.Debug|Any CPU.ActiveCfg = Debug|x86
		{1F9A0E7D-9B59-439D-8200-344D9D015DB9}.Debug|x86.ActiveCfg = Debug|x86
		{1F9A0E7D-9B59-439D-8200-344D9D015DB9}.Debug|x86.Build.0 = Debug|x86
		{1F9A0E7D-9B59-439D-8200-344D9D015DB9}.Release|Any CPU.ActiveCfg = Release|x86
		{1F9A0E7D-9B59-439D-8200-344D9D015DB9}.Release|x86.ActiveCfg = Release|x86
		{1F9A0E7D-9B59-439D-8200-344D9D015DB9}.Release|x86.Build.0 = Release|x86
		{75F9B5FE-B290-4552-A7AE-A24164D1FFF2}.Debug|Any CPU.ActiveCfg = Debug|x86
		{75F9B5FE-B290-4552-A7AE-A24164D1FFF2}.Debug|x86.ActiveCfg = Debug|x86
		{75F9B5FE-B290-4552-A7AE-A24164D1FFF2}.Debug|x86.Build.0 = Debug|x86
		{75F9B5FE-B290-4552-A7AE-A24164D1FFF2}.Release|Any CPU.ActiveCfg = Release|x86
		{75F9B5FE-B290-4552-A7AE-A24164D1FFF2}.Release|x86.ActiveCfg = Release|x86
		{75F9B5FE-B290-4552-A7AE-A24164D1FFF2}.Release|x86.Build.0 = Release|x86
		{5FD8584C-6B7F-4670-AE52-F81BDD4B3863}.Debug|Any CPU.ActiveCfg = Debug|x86
		{5FD8584C-6B7F-4670-AE52-F81BDD4B3863}.Debug|x86.ActiveCfg = Debug|x86
		{5FD8584C-6B7F-4670-AE52-F81BDD4B3863}.Debug|x86.Build.0 = Debug|x86
		{5FD8584C-6B7F-4670-AE52-F81BDD4B3863}.Release|Any CPU.ActiveCfg = Release|x86
		{5FD8584C-6B7F-4670-AE52-F81BDD4B3863}.Release|x86.ActiveCfg = Release|x86
		{5FD8584C-6B7F-4670-AE52-F81BDD4B3863}.Release|x86.Build.0 = Release|x86
		{D8DF4803-FA71-4405-AE42-DAD92792D996}.Debug|Any CPU.ActiveCfg = Debug|x86
		{D8DF4803-FA71-4405-AE42-DAD92792D996}.Debug|x86.ActiveCfg = Debug|x86
		{D8DF4803-FA71-4405-AE42-DAD92792D996}.Debug|x86.Build.0 = Debug|x86
		{D8DF4803-FA71-4405-AE42-DAD92792D996}.Release|Any CPU.ActiveCfg = Release|x86
		{D8DF4803-FA71-4405-AE42-DAD92792D996}.Release|x86.ActiveCfg = Release|x86
		{D8DF4803-FA71-4405-AE42-DAD92792D996}.Release|x86.Build.0 = Release|x86
		{F2384DAB-2F0F-4A69-8F91-F03359D24A54}.Debug|Any CPU.ActiveCfg = Debug|x86
		{F2384DAB-2F0F-4A69-8F91-F03359D24A54}.Debug|x86.ActiveCfg = Debug|x86
		{F2384DAB-2F0F-4A69-8F91-F03359D24A54}.Debug|x86.Build.0 = Debug|x86
		{F2384DAB-2F0F-4A69-8F91-F03359D24A54}.Release|Any CPU.ActiveCfg = Release|x86
		{F2384DAB-2F0F-4A69-8F91-F03359D24A54}.Release|x86.ActiveCfg = Release|x86
		{F2384DAB-2F0F-4A69-8F91-F03359D24A54}.Release|x86.Build.0 = Release|x86
	EndGlobalSection
	GlobalSection(SolutionProperties) = preSolution
		HideSolutionNode = FALSE
	EndGlobalSection
	GlobalSection(ExtensibilityGlobals) = postSolution
		SolutionGuid = {4E9E2AEF-0A5F-4D36-A886-952DB6F293B4}
	EndGlobalSection
EndGlobal
