
Microsoft Visual Studio Solution File, Format Version 12.00
# Visual Studio Version 16
VisualStudioVersion = 16.0.31424.327
MinimumVisualStudioVersion = 10.0.40219.1
Project("{9A19103F-16F7-4668-BE54-9A1E7A4F7556}") = "TehPers.Core", "TehPers.Core\TehPers.Core.csproj", "{C7DEC246-F6E4-45DE-ABF8-42179C9B8E5F}"
EndProject
Project("{9A19103F-16F7-4668-BE54-9A1E7A4F7556}") = "TehPers.Core.Api", "TehPers.Core.Api\TehPers.Core.Api.csproj", "{23878136-9F9A-43EF-BE64-56E28079DB53}"
EndProject
Project("{9A19103F-16F7-4668-BE54-9A1E7A4F7556}") = "TehPers.FishingOverhaul", "TehPers.FishingOverhaul\TehPers.FishingOverhaul.csproj", "{F6389125-7B1B-4702-A992-C5DFA88C8023}"
EndProject
Project("{9A19103F-16F7-4668-BE54-9A1E7A4F7556}") = "TehPers.FishingOverhaul.Api", "TehPers.FishingOverhaul.Api\TehPers.FishingOverhaul.Api.csproj", "{712D0A4F-8E49-4921-A2C3-DE4A756D18B9}"
EndProject
Global
	GlobalSection(SolutionConfigurationPlatforms) = preSolution
		Debug|Any CPU = Debug|Any CPU
		Release|Any CPU = Release|Any CPU
	EndGlobalSection
	GlobalSection(ProjectConfigurationPlatforms) = postSolution
		{C7DEC246-F6E4-45DE-ABF8-42179C9B8E5F}.Debug|Any CPU.ActiveCfg = Debug|Any CPU
		{C7DEC246-F6E4-45DE-ABF8-42179C9B8E5F}.Debug|Any CPU.Build.0 = Debug|Any CPU
		{C7DEC246-F6E4-45DE-ABF8-42179C9B8E5F}.Release|Any CPU.ActiveCfg = Release|Any CPU
		{C7DEC246-F6E4-45DE-ABF8-42179C9B8E5F}.Release|Any CPU.Build.0 = Release|Any CPU
		{23878136-9F9A-43EF-BE64-56E28079DB53}.Debug|Any CPU.ActiveCfg = Debug|Any CPU
		{23878136-9F9A-43EF-BE64-56E28079DB53}.Debug|Any CPU.Build.0 = Debug|Any CPU
		{23878136-9F9A-43EF-BE64-56E28079DB53}.Release|Any CPU.ActiveCfg = Release|Any CPU
		{23878136-9F9A-43EF-BE64-56E28079DB53}.Release|Any CPU.Build.0 = Release|Any CPU
		{F6389125-7B1B-4702-A992-C5DFA88C8023}.Debug|Any CPU.ActiveCfg = Debug|Any CPU
		{F6389125-7B1B-4702-A992-C5DFA88C8023}.Debug|Any CPU.Build.0 = Debug|Any CPU
		{F6389125-7B1B-4702-A992-C5DFA88C8023}.Release|Any CPU.ActiveCfg = Release|Any CPU
		{F6389125-7B1B-4702-A992-C5DFA88C8023}.Release|Any CPU.Build.0 = Release|Any CPU
		{712D0A4F-8E49-4921-A2C3-DE4A756D18B9}.Debug|Any CPU.ActiveCfg = Debug|Any CPU
		{712D0A4F-8E49-4921-A2C3-DE4A756D18B9}.Debug|Any CPU.Build.0 = Debug|Any CPU
		{712D0A4F-8E49-4921-A2C3-DE4A756D18B9}.Release|Any CPU.ActiveCfg = Release|Any CPU
		{712D0A4F-8E49-4921-A2C3-DE4A756D18B9}.Release|Any CPU.Build.0 = Release|Any CPU
	EndGlobalSection
	GlobalSection(SolutionProperties) = preSolution
		HideSolutionNode = FALSE
	EndGlobalSection
	GlobalSection(ExtensibilityGlobals) = postSolution
		SolutionGuid = {5883068B-7A2C-4A31-A689-517670E07A4A}
	EndGlobalSection
EndGlobal
