
Microsoft Visual Studio Solution File, Format Version 12.00
# Visual Studio 15
VisualStudioVersion = 15.0.27130.2036
MinimumVisualStudioVersion = 10.0.40219.1
Project("{FAE04EC0-301F-11D3-BF4B-00C04F79EFBC}") = "ModUtilities", "ModUtilities\ModUtilities.csproj", "{FF76DF74-815F-4A56-89BC-50CEC68F16BB}"
EndProject
Project("{FAE04EC0-301F-11D3-BF4B-00C04F79EFBC}") = "Core", "Core\Core.csproj", "{2D8D9C15-E910-42D8-8CC2-69DA52405D78}"
EndProject
Project("{FAE04EC0-301F-11D3-BF4B-00C04F79EFBC}") = "ShroomSpotter", "ShroomSpotter\ShroomSpotter.csproj", "{E03C0A09-A342-41F8-8E45-B871C13FB7B9}"
EndProject
Project("{FAE04EC0-301F-11D3-BF4B-00C04F79EFBC}") = "VariableFishing", "VariableFishing\VariableFishing.csproj", "{12D92E0F-41E5-484C-B821-BA5C95DDEC97}"
EndProject
Project("{FAE04EC0-301F-11D3-BF4B-00C04F79EFBC}") = "TehPers.Core.Api", "TehPers.Core.Api\TehPers.Core.Api.csproj", "{6BCD07BD-DD01-46A2-83D8-BCA7B4E22DE7}"
EndProject
Project("{FAE04EC0-301F-11D3-BF4B-00C04F79EFBC}") = "TehPers.Core", "TehPers.Core\TehPers.Core.csproj", "{3559A3F8-0FD3-42CC-8CBA-EB9AD9744780}"
EndProject
Project("{FAE04EC0-301F-11D3-BF4B-00C04F79EFBC}") = "TehPers.FishingOverhaul.Api", "TehPers.FishingOverhaul.Api\TehPers.FishingOverhaul.Api.csproj", "{FE4DD854-44E3-4DC3-84E1-A9555B4D4725}"
EndProject
Project("{FAE04EC0-301F-11D3-BF4B-00C04F79EFBC}") = "TehPers.FishingOverhaul", "TehPers.FishingOverhaul\TehPers.FishingOverhaul.csproj", "{D6FB713F-ED16-4E8E-80A3-91D539BDE32A}"
EndProject
Project("{FAE04EC0-301F-11D3-BF4B-00C04F79EFBC}") = "TehPers.MoreFish", "TehPers.MoreFish\TehPers.MoreFish.csproj", "{24B06186-F10F-4AB6-AAA9-4485D7456A44}"
EndProject
Project("{FAE04EC0-301F-11D3-BF4B-00C04F79EFBC}") = "TehPers.Core.Multiplayer", "TehPers.Core.Multiplayer\TehPers.Core.Multiplayer.csproj", "{6F1DD3D0-9EF5-4383-9121-26271052CFF7}"
EndProject
Project("{FAE04EC0-301F-11D3-BF4B-00C04F79EFBC}") = "TehPers.FishingProgression", "TehPers.FishingProgression\TehPers.FishingProgression.csproj", "{1A63ED5A-D4DA-492E-AABF-0A8303D0AC1B}"
EndProject
Global
	GlobalSection(SolutionConfigurationPlatforms) = preSolution
		Debug|Any CPU = Debug|Any CPU
		Debug-3.5|Any CPU = Debug-3.5|Any CPU
		Debug-4.7.1|Any CPU = Debug-4.7.1|Any CPU
		Release|Any CPU = Release|Any CPU
		Release-3.5|Any CPU = Release-3.5|Any CPU
		Release-4.7.1|Any CPU = Release-4.7.1|Any CPU
	EndGlobalSection
	GlobalSection(ProjectConfigurationPlatforms) = postSolution
		{FF76DF74-815F-4A56-89BC-50CEC68F16BB}.Debug|Any CPU.ActiveCfg = Debug|Any CPU
		{FF76DF74-815F-4A56-89BC-50CEC68F16BB}.Debug|Any CPU.Build.0 = Debug|Any CPU
		{FF76DF74-815F-4A56-89BC-50CEC68F16BB}.Debug-3.5|Any CPU.ActiveCfg = Debug|Any CPU
		{FF76DF74-815F-4A56-89BC-50CEC68F16BB}.Debug-4.7.1|Any CPU.ActiveCfg = Debug|Any CPU
		{FF76DF74-815F-4A56-89BC-50CEC68F16BB}.Release|Any CPU.ActiveCfg = Release|Any CPU
		{FF76DF74-815F-4A56-89BC-50CEC68F16BB}.Release|Any CPU.Build.0 = Release|Any CPU
		{FF76DF74-815F-4A56-89BC-50CEC68F16BB}.Release-3.5|Any CPU.ActiveCfg = Release|Any CPU
		{FF76DF74-815F-4A56-89BC-50CEC68F16BB}.Release-4.7.1|Any CPU.ActiveCfg = Release|Any CPU
		{2D8D9C15-E910-42D8-8CC2-69DA52405D78}.Debug|Any CPU.ActiveCfg = Debug|Any CPU
		{2D8D9C15-E910-42D8-8CC2-69DA52405D78}.Debug|Any CPU.Build.0 = Debug|Any CPU
		{2D8D9C15-E910-42D8-8CC2-69DA52405D78}.Debug-3.5|Any CPU.ActiveCfg = Debug|Any CPU
		{2D8D9C15-E910-42D8-8CC2-69DA52405D78}.Debug-4.7.1|Any CPU.ActiveCfg = Debug|Any CPU
		{2D8D9C15-E910-42D8-8CC2-69DA52405D78}.Release|Any CPU.ActiveCfg = Release|Any CPU
		{2D8D9C15-E910-42D8-8CC2-69DA52405D78}.Release|Any CPU.Build.0 = Release|Any CPU
		{2D8D9C15-E910-42D8-8CC2-69DA52405D78}.Release-3.5|Any CPU.ActiveCfg = Release|Any CPU
		{2D8D9C15-E910-42D8-8CC2-69DA52405D78}.Release-4.7.1|Any CPU.ActiveCfg = Release|Any CPU
		{E03C0A09-A342-41F8-8E45-B871C13FB7B9}.Debug|Any CPU.ActiveCfg = Debug|Any CPU
		{E03C0A09-A342-41F8-8E45-B871C13FB7B9}.Debug|Any CPU.Build.0 = Debug|Any CPU
		{E03C0A09-A342-41F8-8E45-B871C13FB7B9}.Debug-3.5|Any CPU.ActiveCfg = Debug|Any CPU
		{E03C0A09-A342-41F8-8E45-B871C13FB7B9}.Debug-4.7.1|Any CPU.ActiveCfg = Debug|Any CPU
		{E03C0A09-A342-41F8-8E45-B871C13FB7B9}.Release|Any CPU.ActiveCfg = Release|Any CPU
		{E03C0A09-A342-41F8-8E45-B871C13FB7B9}.Release|Any CPU.Build.0 = Release|Any CPU
		{E03C0A09-A342-41F8-8E45-B871C13FB7B9}.Release-3.5|Any CPU.ActiveCfg = Release|Any CPU
		{E03C0A09-A342-41F8-8E45-B871C13FB7B9}.Release-4.7.1|Any CPU.ActiveCfg = Release|Any CPU
		{12D92E0F-41E5-484C-B821-BA5C95DDEC97}.Debug|Any CPU.ActiveCfg = Debug|Any CPU
		{12D92E0F-41E5-484C-B821-BA5C95DDEC97}.Debug|Any CPU.Build.0 = Debug|Any CPU
		{12D92E0F-41E5-484C-B821-BA5C95DDEC97}.Debug-3.5|Any CPU.ActiveCfg = Debug|Any CPU
		{12D92E0F-41E5-484C-B821-BA5C95DDEC97}.Debug-4.7.1|Any CPU.ActiveCfg = Debug|Any CPU
		{12D92E0F-41E5-484C-B821-BA5C95DDEC97}.Release|Any CPU.ActiveCfg = Release|Any CPU
		{12D92E0F-41E5-484C-B821-BA5C95DDEC97}.Release|Any CPU.Build.0 = Release|Any CPU
		{12D92E0F-41E5-484C-B821-BA5C95DDEC97}.Release-3.5|Any CPU.ActiveCfg = Release|Any CPU
		{12D92E0F-41E5-484C-B821-BA5C95DDEC97}.Release-4.7.1|Any CPU.ActiveCfg = Release|Any CPU
		{6BCD07BD-DD01-46A2-83D8-BCA7B4E22DE7}.Debug|Any CPU.ActiveCfg = Debug|Any CPU
		{6BCD07BD-DD01-46A2-83D8-BCA7B4E22DE7}.Debug|Any CPU.Build.0 = Debug|Any CPU
		{6BCD07BD-DD01-46A2-83D8-BCA7B4E22DE7}.Debug-3.5|Any CPU.ActiveCfg = Debug|Any CPU
		{6BCD07BD-DD01-46A2-83D8-BCA7B4E22DE7}.Debug-3.5|Any CPU.Build.0 = Debug|Any CPU
		{6BCD07BD-DD01-46A2-83D8-BCA7B4E22DE7}.Debug-4.7.1|Any CPU.ActiveCfg = Debug|Any CPU
		{6BCD07BD-DD01-46A2-83D8-BCA7B4E22DE7}.Debug-4.7.1|Any CPU.Build.0 = Debug|Any CPU
		{6BCD07BD-DD01-46A2-83D8-BCA7B4E22DE7}.Release|Any CPU.ActiveCfg = Release|Any CPU
		{6BCD07BD-DD01-46A2-83D8-BCA7B4E22DE7}.Release|Any CPU.Build.0 = Release|Any CPU
		{6BCD07BD-DD01-46A2-83D8-BCA7B4E22DE7}.Release-3.5|Any CPU.ActiveCfg = Release|Any CPU
		{6BCD07BD-DD01-46A2-83D8-BCA7B4E22DE7}.Release-3.5|Any CPU.Build.0 = Release|Any CPU
		{6BCD07BD-DD01-46A2-83D8-BCA7B4E22DE7}.Release-4.7.1|Any CPU.ActiveCfg = Release|Any CPU
		{6BCD07BD-DD01-46A2-83D8-BCA7B4E22DE7}.Release-4.7.1|Any CPU.Build.0 = Release|Any CPU
		{3559A3F8-0FD3-42CC-8CBA-EB9AD9744780}.Debug|Any CPU.ActiveCfg = Debug|Any CPU
		{3559A3F8-0FD3-42CC-8CBA-EB9AD9744780}.Debug|Any CPU.Build.0 = Debug|Any CPU
		{3559A3F8-0FD3-42CC-8CBA-EB9AD9744780}.Debug-3.5|Any CPU.ActiveCfg = Debug|Any CPU
		{3559A3F8-0FD3-42CC-8CBA-EB9AD9744780}.Debug-3.5|Any CPU.Build.0 = Debug|Any CPU
		{3559A3F8-0FD3-42CC-8CBA-EB9AD9744780}.Debug-4.7.1|Any CPU.ActiveCfg = Debug|Any CPU
		{3559A3F8-0FD3-42CC-8CBA-EB9AD9744780}.Debug-4.7.1|Any CPU.Build.0 = Debug|Any CPU
		{3559A3F8-0FD3-42CC-8CBA-EB9AD9744780}.Release|Any CPU.ActiveCfg = Release|Any CPU
		{3559A3F8-0FD3-42CC-8CBA-EB9AD9744780}.Release|Any CPU.Build.0 = Release|Any CPU
		{3559A3F8-0FD3-42CC-8CBA-EB9AD9744780}.Release-3.5|Any CPU.ActiveCfg = Release|Any CPU
		{3559A3F8-0FD3-42CC-8CBA-EB9AD9744780}.Release-3.5|Any CPU.Build.0 = Release|Any CPU
		{3559A3F8-0FD3-42CC-8CBA-EB9AD9744780}.Release-4.7.1|Any CPU.ActiveCfg = Release|Any CPU
		{3559A3F8-0FD3-42CC-8CBA-EB9AD9744780}.Release-4.7.1|Any CPU.Build.0 = Release|Any CPU
		{FE4DD854-44E3-4DC3-84E1-A9555B4D4725}.Debug|Any CPU.ActiveCfg = Debug|Any CPU
		{FE4DD854-44E3-4DC3-84E1-A9555B4D4725}.Debug|Any CPU.Build.0 = Debug|Any CPU
		{FE4DD854-44E3-4DC3-84E1-A9555B4D4725}.Debug-3.5|Any CPU.ActiveCfg = Debug|Any CPU
		{FE4DD854-44E3-4DC3-84E1-A9555B4D4725}.Debug-3.5|Any CPU.Build.0 = Debug|Any CPU
		{FE4DD854-44E3-4DC3-84E1-A9555B4D4725}.Debug-4.7.1|Any CPU.ActiveCfg = Debug|Any CPU
		{FE4DD854-44E3-4DC3-84E1-A9555B4D4725}.Debug-4.7.1|Any CPU.Build.0 = Debug|Any CPU
		{FE4DD854-44E3-4DC3-84E1-A9555B4D4725}.Release|Any CPU.ActiveCfg = Release|Any CPU
		{FE4DD854-44E3-4DC3-84E1-A9555B4D4725}.Release|Any CPU.Build.0 = Release|Any CPU
		{FE4DD854-44E3-4DC3-84E1-A9555B4D4725}.Release-3.5|Any CPU.ActiveCfg = Release|Any CPU
		{FE4DD854-44E3-4DC3-84E1-A9555B4D4725}.Release-3.5|Any CPU.Build.0 = Release|Any CPU
		{FE4DD854-44E3-4DC3-84E1-A9555B4D4725}.Release-4.7.1|Any CPU.ActiveCfg = Release|Any CPU
		{FE4DD854-44E3-4DC3-84E1-A9555B4D4725}.Release-4.7.1|Any CPU.Build.0 = Release|Any CPU
		{D6FB713F-ED16-4E8E-80A3-91D539BDE32A}.Debug|Any CPU.ActiveCfg = Debug|Any CPU
		{D6FB713F-ED16-4E8E-80A3-91D539BDE32A}.Debug|Any CPU.Build.0 = Debug|Any CPU
		{D6FB713F-ED16-4E8E-80A3-91D539BDE32A}.Debug-3.5|Any CPU.ActiveCfg = Debug|Any CPU
		{D6FB713F-ED16-4E8E-80A3-91D539BDE32A}.Debug-3.5|Any CPU.Build.0 = Debug|Any CPU
		{D6FB713F-ED16-4E8E-80A3-91D539BDE32A}.Debug-4.7.1|Any CPU.ActiveCfg = Debug|Any CPU
		{D6FB713F-ED16-4E8E-80A3-91D539BDE32A}.Debug-4.7.1|Any CPU.Build.0 = Debug|Any CPU
		{D6FB713F-ED16-4E8E-80A3-91D539BDE32A}.Release|Any CPU.ActiveCfg = Release|Any CPU
		{D6FB713F-ED16-4E8E-80A3-91D539BDE32A}.Release|Any CPU.Build.0 = Release|Any CPU
		{D6FB713F-ED16-4E8E-80A3-91D539BDE32A}.Release-3.5|Any CPU.ActiveCfg = Release|Any CPU
		{D6FB713F-ED16-4E8E-80A3-91D539BDE32A}.Release-3.5|Any CPU.Build.0 = Release|Any CPU
		{D6FB713F-ED16-4E8E-80A3-91D539BDE32A}.Release-4.7.1|Any CPU.ActiveCfg = Release|Any CPU
		{D6FB713F-ED16-4E8E-80A3-91D539BDE32A}.Release-4.7.1|Any CPU.Build.0 = Release|Any CPU
		{24B06186-F10F-4AB6-AAA9-4485D7456A44}.Debug|Any CPU.ActiveCfg = Debug|Any CPU
		{24B06186-F10F-4AB6-AAA9-4485D7456A44}.Debug|Any CPU.Build.0 = Debug|Any CPU
		{24B06186-F10F-4AB6-AAA9-4485D7456A44}.Debug-3.5|Any CPU.ActiveCfg = Debug|Any CPU
		{24B06186-F10F-4AB6-AAA9-4485D7456A44}.Debug-3.5|Any CPU.Build.0 = Debug|Any CPU
		{24B06186-F10F-4AB6-AAA9-4485D7456A44}.Debug-4.7.1|Any CPU.ActiveCfg = Debug|Any CPU
		{24B06186-F10F-4AB6-AAA9-4485D7456A44}.Debug-4.7.1|Any CPU.Build.0 = Debug|Any CPU
		{24B06186-F10F-4AB6-AAA9-4485D7456A44}.Release|Any CPU.ActiveCfg = Release|Any CPU
		{24B06186-F10F-4AB6-AAA9-4485D7456A44}.Release|Any CPU.Build.0 = Release|Any CPU
		{24B06186-F10F-4AB6-AAA9-4485D7456A44}.Release-3.5|Any CPU.ActiveCfg = Release|Any CPU
		{24B06186-F10F-4AB6-AAA9-4485D7456A44}.Release-3.5|Any CPU.Build.0 = Release|Any CPU
		{24B06186-F10F-4AB6-AAA9-4485D7456A44}.Release-4.7.1|Any CPU.ActiveCfg = Release|Any CPU
		{24B06186-F10F-4AB6-AAA9-4485D7456A44}.Release-4.7.1|Any CPU.Build.0 = Release|Any CPU
		{6F1DD3D0-9EF5-4383-9121-26271052CFF7}.Debug|Any CPU.ActiveCfg = Debug|Any CPU
		{6F1DD3D0-9EF5-4383-9121-26271052CFF7}.Debug|Any CPU.Build.0 = Debug|Any CPU
		{6F1DD3D0-9EF5-4383-9121-26271052CFF7}.Debug-3.5|Any CPU.ActiveCfg = Debug|Any CPU
		{6F1DD3D0-9EF5-4383-9121-26271052CFF7}.Debug-3.5|Any CPU.Build.0 = Debug|Any CPU
		{6F1DD3D0-9EF5-4383-9121-26271052CFF7}.Debug-4.7.1|Any CPU.ActiveCfg = Debug|Any CPU
		{6F1DD3D0-9EF5-4383-9121-26271052CFF7}.Debug-4.7.1|Any CPU.Build.0 = Debug|Any CPU
		{6F1DD3D0-9EF5-4383-9121-26271052CFF7}.Release|Any CPU.ActiveCfg = Release|Any CPU
		{6F1DD3D0-9EF5-4383-9121-26271052CFF7}.Release|Any CPU.Build.0 = Release|Any CPU
		{6F1DD3D0-9EF5-4383-9121-26271052CFF7}.Release-3.5|Any CPU.ActiveCfg = Release|Any CPU
		{6F1DD3D0-9EF5-4383-9121-26271052CFF7}.Release-3.5|Any CPU.Build.0 = Release|Any CPU
		{6F1DD3D0-9EF5-4383-9121-26271052CFF7}.Release-4.7.1|Any CPU.ActiveCfg = Release|Any CPU
		{6F1DD3D0-9EF5-4383-9121-26271052CFF7}.Release-4.7.1|Any CPU.Build.0 = Release|Any CPU
		{1A63ED5A-D4DA-492E-AABF-0A8303D0AC1B}.Debug|Any CPU.ActiveCfg = Debug|Any CPU
		{1A63ED5A-D4DA-492E-AABF-0A8303D0AC1B}.Debug|Any CPU.Build.0 = Debug|Any CPU
		{1A63ED5A-D4DA-492E-AABF-0A8303D0AC1B}.Debug-3.5|Any CPU.ActiveCfg = Debug|Any CPU
		{1A63ED5A-D4DA-492E-AABF-0A8303D0AC1B}.Debug-3.5|Any CPU.Build.0 = Debug|Any CPU
		{1A63ED5A-D4DA-492E-AABF-0A8303D0AC1B}.Debug-4.7.1|Any CPU.ActiveCfg = Debug|Any CPU
		{1A63ED5A-D4DA-492E-AABF-0A8303D0AC1B}.Debug-4.7.1|Any CPU.Build.0 = Debug|Any CPU
		{1A63ED5A-D4DA-492E-AABF-0A8303D0AC1B}.Release|Any CPU.ActiveCfg = Release|Any CPU
		{1A63ED5A-D4DA-492E-AABF-0A8303D0AC1B}.Release|Any CPU.Build.0 = Release|Any CPU
		{1A63ED5A-D4DA-492E-AABF-0A8303D0AC1B}.Release-3.5|Any CPU.ActiveCfg = Release|Any CPU
		{1A63ED5A-D4DA-492E-AABF-0A8303D0AC1B}.Release-3.5|Any CPU.Build.0 = Release|Any CPU
		{1A63ED5A-D4DA-492E-AABF-0A8303D0AC1B}.Release-4.7.1|Any CPU.ActiveCfg = Release|Any CPU
		{1A63ED5A-D4DA-492E-AABF-0A8303D0AC1B}.Release-4.7.1|Any CPU.Build.0 = Release|Any CPU
	EndGlobalSection
	GlobalSection(SolutionProperties) = preSolution
		HideSolutionNode = FALSE
	EndGlobalSection
	GlobalSection(ExtensibilityGlobals) = postSolution
		SolutionGuid = {C8AAEC0C-1DC0-409F-BAEE-D256B6676E93}
	EndGlobalSection
EndGlobal
