
Microsoft Visual Studio Solution File, Format Version 12.00
# Visual Studio 15
VisualStudioVersion = 15.0.28307.421
MinimumVisualStudioVersion = 10.0.40219.1
Project("{FAE04EC0-301F-11D3-BF4B-00C04F79EFBC}") = "TehPers.FishingOverhaul.Api", "TehPers.FishingOverhaul.Api\TehPers.FishingOverhaul.Api.csproj", "{CB430E93-7B42-4FC8-B7B0-F0B13A3AB790}"
EndProject
Project("{FAE04EC0-301F-11D3-BF4B-00C04F79EFBC}") = "TehPers.FishingOverhaul", "TehPers.FishingOverhaul\TehPers.FishingOverhaul.csproj", "{B0BECB8F-DB4B-4A41-84C0-9DAFEDE2BD12}"
EndProject
Project("{FAE04EC0-301F-11D3-BF4B-00C04F79EFBC}") = "TehPers.Core", "TehPers.Core\TehPers.Core.csproj", "{7B58714F-E332-4973-AB71-DC1DBE52DE29}"
EndProject
Project("{FAE04EC0-301F-11D3-BF4B-00C04F79EFBC}") = "TehPers.Core.Api", "TehPers.Core.Api\TehPers.Core.Api.csproj", "{63F341D5-2440-4D3F-A11D-0D60FC0D67BD}"
EndProject
Project("{FAE04EC0-301F-11D3-BF4B-00C04F79EFBC}") = "TehPers.Core.Json", "TehPers.Core.Json\TehPers.Core.Json.csproj", "{D3F1F7BB-D094-4FD2-A417-2A824A20440A}"
EndProject
Global
	GlobalSection(SolutionConfigurationPlatforms) = preSolution
		Debug|Any CPU = Debug|Any CPU
		Release|Any CPU = Release|Any CPU
	EndGlobalSection
	GlobalSection(ProjectConfigurationPlatforms) = postSolution
		{CB430E93-7B42-4FC8-B7B0-F0B13A3AB790}.Debug|Any CPU.ActiveCfg = Debug|Any CPU
		{CB430E93-7B42-4FC8-B7B0-F0B13A3AB790}.Debug|Any CPU.Build.0 = Debug|Any CPU
		{CB430E93-7B42-4FC8-B7B0-F0B13A3AB790}.Release|Any CPU.ActiveCfg = Release|Any CPU
		{CB430E93-7B42-4FC8-B7B0-F0B13A3AB790}.Release|Any CPU.Build.0 = Release|Any CPU
		{B0BECB8F-DB4B-4A41-84C0-9DAFEDE2BD12}.Debug|Any CPU.ActiveCfg = Debug|Any CPU
		{B0BECB8F-DB4B-4A41-84C0-9DAFEDE2BD12}.Debug|Any CPU.Build.0 = Debug|Any CPU
		{B0BECB8F-DB4B-4A41-84C0-9DAFEDE2BD12}.Release|Any CPU.ActiveCfg = Release|Any CPU
		{B0BECB8F-DB4B-4A41-84C0-9DAFEDE2BD12}.Release|Any CPU.Build.0 = Release|Any CPU
		{7B58714F-E332-4973-AB71-DC1DBE52DE29}.Debug|Any CPU.ActiveCfg = Debug|Any CPU
		{7B58714F-E332-4973-AB71-DC1DBE52DE29}.Debug|Any CPU.Build.0 = Debug|Any CPU
		{7B58714F-E332-4973-AB71-DC1DBE52DE29}.Release|Any CPU.ActiveCfg = Release|Any CPU
		{7B58714F-E332-4973-AB71-DC1DBE52DE29}.Release|Any CPU.Build.0 = Release|Any CPU
		{63F341D5-2440-4D3F-A11D-0D60FC0D67BD}.Debug|Any CPU.ActiveCfg = Debug|Any CPU
		{63F341D5-2440-4D3F-A11D-0D60FC0D67BD}.Debug|Any CPU.Build.0 = Debug|Any CPU
		{63F341D5-2440-4D3F-A11D-0D60FC0D67BD}.Release|Any CPU.ActiveCfg = Release|Any CPU
		{63F341D5-2440-4D3F-A11D-0D60FC0D67BD}.Release|Any CPU.Build.0 = Release|Any CPU
		{D3F1F7BB-D094-4FD2-A417-2A824A20440A}.Debug|Any CPU.ActiveCfg = Debug|Any CPU
		{D3F1F7BB-D094-4FD2-A417-2A824A20440A}.Debug|Any CPU.Build.0 = Debug|Any CPU
		{D3F1F7BB-D094-4FD2-A417-2A824A20440A}.Release|Any CPU.ActiveCfg = Release|Any CPU
		{D3F1F7BB-D094-4FD2-A417-2A824A20440A}.Release|Any CPU.Build.0 = Release|Any CPU
	EndGlobalSection
	GlobalSection(SolutionProperties) = preSolution
		HideSolutionNode = FALSE
	EndGlobalSection
	GlobalSection(ExtensibilityGlobals) = postSolution
		SolutionGuid = {498524B7-5CD2-476E-8A77-7050E2551687}
	EndGlobalSection
EndGlobal
