
Microsoft Visual Studio Solution File, Format Version 12.00
# Visual Studio 14
VisualStudioVersion = 14.0.25420.1
MinimumVisualStudioVersion = 10.0.40219.1
Project("{FAE04EC0-301F-11D3-BF4B-00C04F79EFBC}") = "FishingOverhaul", "FishingOverhaul\FishingOverhaul.csproj", "{ED6A877E-1586-4D8A-A234-2F6CAA693D15}"
EndProject
Project("{FAE04EC0-301F-11D3-BF4B-00C04F79EFBC}") = "CombatOverhaul", "CombatOverhaul\CombatOverhaul.csproj", "{34AB28B0-DC3C-45C2-AC0D-5585169154A5}"
EndProject
Project("{FAE04EC0-301F-11D3-BF4B-00C04F79EFBC}") = "Framework", "Framework\Framework.csproj", "{5879FA77-D1DC-47C2-BE91-7B2FB7A474DF}"
EndProject
Project("{FAE04EC0-301F-11D3-BF4B-00C04F79EFBC}") = "EventInjector", "EventInjector\EventInjector.csproj", "{781F603A-6CDA-4532-9F53-766DCDAC20B9}"
EndProject
Global
	GlobalSection(SolutionConfigurationPlatforms) = preSolution
		Debug|Any CPU = Debug|Any CPU
		Release|Any CPU = Release|Any CPU
	EndGlobalSection
	GlobalSection(ProjectConfigurationPlatforms) = postSolution
		{ED6A877E-1586-4D8A-A234-2F6CAA693D15}.Debug|Any CPU.ActiveCfg = Debug|Any CPU
		{ED6A877E-1586-4D8A-A234-2F6CAA693D15}.Debug|Any CPU.Build.0 = Debug|Any CPU
		{ED6A877E-1586-4D8A-A234-2F6CAA693D15}.Release|Any CPU.ActiveCfg = Release|Any CPU
		{ED6A877E-1586-4D8A-A234-2F6CAA693D15}.Release|Any CPU.Build.0 = Release|Any CPU
		{34AB28B0-DC3C-45C2-AC0D-5585169154A5}.Debug|Any CPU.ActiveCfg = Debug|Any CPU
		{34AB28B0-DC3C-45C2-AC0D-5585169154A5}.Debug|Any CPU.Build.0 = Debug|Any CPU
		{34AB28B0-DC3C-45C2-AC0D-5585169154A5}.Release|Any CPU.ActiveCfg = Release|Any CPU
		{34AB28B0-DC3C-45C2-AC0D-5585169154A5}.Release|Any CPU.Build.0 = Release|Any CPU
		{5879FA77-D1DC-47C2-BE91-7B2FB7A474DF}.Debug|Any CPU.ActiveCfg = Debug|Any CPU
		{5879FA77-D1DC-47C2-BE91-7B2FB7A474DF}.Debug|Any CPU.Build.0 = Debug|Any CPU
		{5879FA77-D1DC-47C2-BE91-7B2FB7A474DF}.Release|Any CPU.ActiveCfg = Release|Any CPU
		{5879FA77-D1DC-47C2-BE91-7B2FB7A474DF}.Release|Any CPU.Build.0 = Release|Any CPU
		{781F603A-6CDA-4532-9F53-766DCDAC20B9}.Debug|Any CPU.ActiveCfg = Debug|Any CPU
		{781F603A-6CDA-4532-9F53-766DCDAC20B9}.Debug|Any CPU.Build.0 = Debug|Any CPU
		{781F603A-6CDA-4532-9F53-766DCDAC20B9}.Release|Any CPU.ActiveCfg = Release|Any CPU
		{781F603A-6CDA-4532-9F53-766DCDAC20B9}.Release|Any CPU.Build.0 = Release|Any CPU
	EndGlobalSection
	GlobalSection(SolutionProperties) = preSolution
		HideSolutionNode = FALSE
	EndGlobalSection
EndGlobal
