
Microsoft Visual Studio Solution File, Format Version 12.00
# Visual Studio Version 16
VisualStudioVersion = 16.0.29001.49
MinimumVisualStudioVersion = 10.0.40219.1
Project("{FAE04EC0-301F-11D3-BF4B-00C04F79EFBC}") = "TehPers.Core.DependencyInjection", "TehPers.Core.DependencyInjection\TehPers.Core.DependencyInjection.csproj", "{B3C9E9D1-07B8-485A-8675-3479BD5639A4}"
EndProject
Project("{FAE04EC0-301F-11D3-BF4B-00C04F79EFBC}") = "TehPers.Core.DependencyInjection.Api", "TehPers.Core.DependencyInjection.Api\TehPers.Core.DependencyInjection.Api.csproj", "{308034A4-5B60-4645-A5AE-0956875F70CC}"
EndProject
Global
	GlobalSection(SolutionConfigurationPlatforms) = preSolution
		Debug|Any CPU = Debug|Any CPU
		Release|Any CPU = Release|Any CPU
	EndGlobalSection
	GlobalSection(ProjectConfigurationPlatforms) = postSolution
		{B3C9E9D1-07B8-485A-8675-3479BD5639A4}.Debug|Any CPU.ActiveCfg = Debug|Any CPU
		{B3C9E9D1-07B8-485A-8675-3479BD5639A4}.Debug|Any CPU.Build.0 = Debug|Any CPU
		{B3C9E9D1-07B8-485A-8675-3479BD5639A4}.Release|Any CPU.ActiveCfg = Release|Any CPU
		{B3C9E9D1-07B8-485A-8675-3479BD5639A4}.Release|Any CPU.Build.0 = Release|Any CPU
		{308034A4-5B60-4645-A5AE-0956875F70CC}.Debug|Any CPU.ActiveCfg = Debug|Any CPU
		{308034A4-5B60-4645-A5AE-0956875F70CC}.Debug|Any CPU.Build.0 = Debug|Any CPU
		{308034A4-5B60-4645-A5AE-0956875F70CC}.Release|Any CPU.ActiveCfg = Release|Any CPU
		{308034A4-5B60-4645-A5AE-0956875F70CC}.Release|Any CPU.Build.0 = Release|Any CPU
	EndGlobalSection
	GlobalSection(SolutionProperties) = preSolution
		HideSolutionNode = FALSE
	EndGlobalSection
	GlobalSection(ExtensibilityGlobals) = postSolution
		SolutionGuid = {F1D86173-2872-4D39-BD8A-8C6E5DB7F0A5}
	EndGlobalSection
EndGlobal
